
Microsoft Visual Studio Solution File, Format Version 12.00
# Visual Studio Version 17
VisualStudioVersion = 17.14.36408.4
MinimumVisualStudioVersion = 10.0.40219.1
Project("{FAE04EC0-301F-11D3-BF4B-00C04F79EFBC}") = "Core", "Core\Core.csproj", "{4F63E4EC-C6F6-4258-9B93-36126DE5235E}"
EndProject
Project("{FAE04EC0-301F-11D3-BF4B-00C04F79EFBC}") = "UI", "UI\UI.csproj", "{7710E7A9-8E5F-463D-BF06-7F6BD2645104}"
EndProject
Global
	GlobalSection(SolutionConfigurationPlatforms) = preSolution
		Debug|Any CPU = Debug|Any CPU
		Release|Any CPU = Release|Any CPU
	EndGlobalSection
	GlobalSection(ProjectConfigurationPlatforms) = postSolution
		{4F63E4EC-C6F6-4258-9B93-36126DE5235E}.Debug|Any CPU.ActiveCfg = Debug|Any CPU
		{4F63E4EC-C6F6-4258-9B93-36126DE5235E}.Debug|Any CPU.Build.0 = Debug|Any CPU
		{4F63E4EC-C6F6-4258-9B93-36126DE5235E}.Release|Any CPU.ActiveCfg = Release|Any CPU
		{4F63E4EC-C6F6-4258-9B93-36126DE5235E}.Release|Any CPU.Build.0 = Release|Any CPU
		{7710E7A9-8E5F-463D-BF06-7F6BD2645104}.Debug|Any CPU.ActiveCfg = Debug|Any CPU
		{7710E7A9-8E5F-463D-BF06-7F6BD2645104}.Debug|Any CPU.Build.0 = Debug|Any CPU
		{7710E7A9-8E5F-463D-BF06-7F6BD2645104}.Release|Any CPU.ActiveCfg = Release|Any CPU
		{7710E7A9-8E5F-463D-BF06-7F6BD2645104}.Release|Any CPU.Build.0 = Release|Any CPU
	EndGlobalSection
	GlobalSection(SolutionProperties) = preSolution
		HideSolutionNode = FALSE
	EndGlobalSection
	GlobalSection(ExtensibilityGlobals) = postSolution
		SolutionGuid = {FB1CB773-5541-41A5-8F07-58D680BA4FA6}
	EndGlobalSection
EndGlobal
